
Microsoft Visual Studio Solution File, Format Version 12.00
# Visual Studio Version 17
VisualStudioVersion = 17.9.34728.123
MinimumVisualStudioVersion = 10.0.40219.1
Project("{FAE04EC0-301F-11D3-BF4B-00C04F79EFBC}") = "WorkerDemo", "WorkerDemo\WorkerDemo.csproj", "{5DDBFC13-B7A2-42F8-93E3-39483DAB47B2}"
EndProject
Global
	GlobalSection(SolutionConfigurationPlatforms) = preSolution
		Debug|Any CPU = Debug|Any CPU
		Release|Any CPU = Release|Any CPU
	EndGlobalSection
	GlobalSection(ProjectConfigurationPlatforms) = postSolution
		{5DDBFC13-B7A2-42F8-93E3-39483DAB47B2}.Debug|Any CPU.ActiveCfg = Debug|Any CPU
		{5DDBFC13-B7A2-42F8-93E3-39483DAB47B2}.Debug|Any CPU.Build.0 = Debug|Any CPU
		{5DDBFC13-B7A2-42F8-93E3-39483DAB47B2}.Release|Any CPU.ActiveCfg = Release|Any CPU
		{5DDBFC13-B7A2-42F8-93E3-39483DAB47B2}.Release|Any CPU.Build.0 = Release|Any CPU
	EndGlobalSection
	GlobalSection(SolutionProperties) = preSolution
		HideSolutionNode = FALSE
	EndGlobalSection
	GlobalSection(ExtensibilityGlobals) = postSolution
		SolutionGuid = {D4C417F9-CB75-4000-9F58-FC2426CAC24E}
	EndGlobalSection
EndGlobal
