
Microsoft Visual Studio Solution File, Format Version 12.00
# Visual Studio Version 17
VisualStudioVersion = 17.9.34728.123
MinimumVisualStudioVersion = 10.0.40219.1
Project("{FAE04EC0-301F-11D3-BF4B-00C04F79EFBC}") = "AlternateExchangeDemo", "AlternateExchangeDemo\AlternateExchangeDemo.csproj", "{91CCA28C-5AE4-4C45-B911-D1E30E4037E4}"
EndProject
Global
	GlobalSection(SolutionConfigurationPlatforms) = preSolution
		Debug|Any CPU = Debug|Any CPU
		Release|Any CPU = Release|Any CPU
	EndGlobalSection
	GlobalSection(ProjectConfigurationPlatforms) = postSolution
		{91CCA28C-5AE4-4C45-B911-D1E30E4037E4}.Debug|Any CPU.ActiveCfg = Debug|Any CPU
		{91CCA28C-5AE4-4C45-B911-D1E30E4037E4}.Debug|Any CPU.Build.0 = Debug|Any CPU
		{91CCA28C-5AE4-4C45-B911-D1E30E4037E4}.Release|Any CPU.ActiveCfg = Release|Any CPU
		{91CCA28C-5AE4-4C45-B911-D1E30E4037E4}.Release|Any CPU.Build.0 = Release|Any CPU
	EndGlobalSection
	GlobalSection(SolutionProperties) = preSolution
		HideSolutionNode = FALSE
	EndGlobalSection
	GlobalSection(ExtensibilityGlobals) = postSolution
		SolutionGuid = {9CC9E444-1665-4E35-8C2D-80F707DB0E15}
	EndGlobalSection
EndGlobal
